dependencies:
- name: redis
  repository: https://charts.bitnami.com/bitnami
  version: 17.15.0
- name: postgresql
  repository: https://charts.bitnami.com/bitnami
  version: 12.8.1
- name: rabbitmq
  repository: https://charts.bitnami.com/bitnami
  version: 12.0.10
digest: sha256:103005a149a6ab40dce86f526919a31eff87aefb9cdccf136a54f34eb7ce1421
generated: "2023-08-09T20:43:08.389902+01:00"
